
Microsoft Visual Studio Solution File, Format Version 12.00
# Visual Studio Version 17
VisualStudioVersion = 17.4.33213.308
MinimumVisualStudioVersion = 10.0.40219.1
Project("{FAE04EC0-301F-11D3-BF4B-00C04F79EFBC}") = "Tesseract_test", "Tesseract_test\Tesseract_test.csproj", "{911A188A-1E25-480D-A6CB-EFB4E4B67E68}"
EndProject
Global
	GlobalSection(SolutionConfigurationPlatforms) = preSolution
		Debug|Any CPU = Debug|Any CPU
		Release|Any CPU = Release|Any CPU
	EndGlobalSection
	GlobalSection(ProjectConfigurationPlatforms) = postSolution
		{911A188A-1E25-480D-A6CB-EFB4E4B67E68}.Debug|Any CPU.ActiveCfg = Debug|Any CPU
		{911A188A-1E25-480D-A6CB-EFB4E4B67E68}.Debug|Any CPU.Build.0 = Debug|Any CPU
		{911A188A-1E25-480D-A6CB-EFB4E4B67E68}.Release|Any CPU.ActiveCfg = Release|Any CPU
		{911A188A-1E25-480D-A6CB-EFB4E4B67E68}.Release|Any CPU.Build.0 = Release|Any CPU
	EndGlobalSection
	GlobalSection(SolutionProperties) = preSolution
		HideSolutionNode = FALSE
	EndGlobalSection
	GlobalSection(ExtensibilityGlobals) = postSolution
		SolutionGuid = {3AF3386F-77B7-48FB-AB8B-476DE464255C}
	EndGlobalSection
EndGlobal
